// !$*UTF8*$!
{
	archiveVersion = 1;
	classes = {
	};
	objectVersion = 55;
	objects = {

/* Begin PBXBuildFile section */
		310FAEE628E7437A007C5C4E /* AppDelegate.swift in Sources */ = {isa = PBXBuildFile; fileRef = 310FAEE528E7437A007C5C4E /* AppDelegate.swift */; };
		310FAEE828E7437A007C5C4E /* SceneDelegate.swift in Sources */ = {isa = PBXBuildFile; fileRef = 310FAEE728E7437A007C5C4E /* SceneDelegate.swift */; };
		310FAEEA28E7437A007C5C4E /* ViewController.swift in Sources */ = {isa = PBXBuildFile; fileRef = 310FAEE928E7437A007C5C4E /* ViewController.swift */; };
		310FAEED28E7437A007C5C4E /* Main.storyboard in Resources */ = {isa = PBXBuildFile; fileRef = 310FAEEB28E7437A007C5C4E /* Main.storyboard */; };
		310FAEEF28E7437C007C5C4E /* Assets.xcassets in Resources */ = {isa = PBXBuildFile; fileRef = 310FAEEE28E7437C007C5C4E /* Assets.xcassets */; };
		310FAEF228E7437C007C5C4E /* LaunchScreen.storyboard in Resources */ = {isa = PBXBuildFile; fileRef = 310FAEF028E7437C007C5C4E /* LaunchScreen.storyboard */; };
		319E334A28E981E700C1BFC3 /* YScreen.swift in Sources */ = {isa = PBXBuildFile; fileRef = 319E334928E981E700C1BFC3 /* YScreen.swift */; };
/* End PBXBuildFile section */

/* Begin PBXFileReference section */
		310FAEE228E7437A007C5C4E /* TransitionBetweenViewControllers.app */ = {isa = PBXFileReference; explicitFileType = wrapper.application; includeInIndex = 0; path = TransitionBetweenViewControllers.app; sourceTree = BUILT_PRODUCTS_DIR; };
		310FAEE528E7437A007C5C4E /* AppDelegate.swift */ = {isa = PBXFileReference; lastKnownFileType = sourcecode.swift; path = AppDelegate.swift; sourceTree = "<group>"; };
		310FAEE728E7437A007C5C4E /* SceneDelegate.swift */ = {isa = PBXFileReference; lastKnownFileType = sourcecode.swift; path = SceneDelegate.swift; sourceTree = "<group>"; };
		310FAEE928E7437A007C5C4E /* ViewController.swift */ = {isa = PBXFileReference; lastKnownFileType = sourcecode.swift; path = ViewController.swift; sourceTree = "<group>"; };
		310FAEEC28E7437A007C5C4E /* Base */ = {isa = PBXFileReference; lastKnownFileType = file.storyboard; name = Base; path = Base.lproj/Main.storyboard; sourceTree = "<group>"; };
		310FAEEE28E7437C007C5C4E /* Assets.xcassets */ = {isa = PBXFileReference; lastKnownFileType = folder.assetcatalog; path = Assets.xcassets; sourceTree = "<group>"; };
		310FAEF128E7437C007C5C4E /* Base */ = {isa = PBXFileReference; lastKnownFileType = file.storyboard; name = Base; path = Base.lproj/LaunchScreen.storyboard; sourceTree = "<group>"; };
		310FAEF328E7437C007C5C4E /* Info.plist */ = {isa = PBXFileReference; lastKnownFileType = text.plist.xml; path = Info.plist; sourceTree = "<group>"; };
		319E334928E981E700C1BFC3 /* YScreen.swift */ = {isa = PBXFileReference; lastKnownFileType = sourcecode.swift; path = YScreen.swift; sourceTree = "<group>"; };
/* End PBXFileReference section */

/* Begin PBXFrameworksBuildPhase section */
		310FAEDF28E7437A007C5C4E /* Frameworks */ = {
			isa = PBXFrameworksBuildPhase;
			buildActionMask = 2147483647;
			files = (
			);
			runOnlyForDeploymentPostprocessing = 0;
		};
/* End PBXFrameworksBuildPhase section */

/* Begin PBXGroup section */
		310FAED928E7437A007C5C4E = {
			isa = PBXGroup;
			children = (
				310FAEE428E7437A007C5C4E /* TransitionBetweenViewControllers */,
				310FAEE328E7437A007C5C4E /* Products */,
			);
			sourceTree = "<group>";
		};
		310FAEE328E7437A007C5C4E /* Products */ = {
			isa = PBXGroup;
			children = (
				310FAEE228E7437A007C5C4E /* TransitionBetweenViewControllers.app */,
			);
			name = Products;
			sourceTree = "<group>";
		};
		310FAEE428E7437A007C5C4E /* TransitionBetweenViewControllers */ = {
			isa = PBXGroup;
			children = (
				310FAEE528E7437A007C5C4E /* AppDelegate.swift */,
				310FAEE728E7437A007C5C4E /* SceneDelegate.swift */,
				310FAEE928E7437A007C5C4E /* ViewController.swift */,
				319E334928E981E700C1BFC3 /* YScreen.swift */,
				310FAEEB28E7437A007C5C4E /* Main.storyboard */,
				310FAEEE28E7437C007C5C4E /* Assets.xcassets */,
				310FAEF028E7437C007C5C4E /* LaunchScreen.storyboard */,
				310FAEF328E7437C007C5C4E /* Info.plist */,
			);
			path = TransitionBetweenViewControllers;
			sourceTree = "<group>";
		};
/* End PBXGroup section */

/* Begin PBXNativeTarget section */
		310FAEE128E7437A007C5C4E /* TransitionBetweenViewControllers */ = {
			isa = PBXNativeTarget;
			buildConfigurationList = 310FAEF628E7437C007C5C4E /* Build configuration list for PBXNativeTarget "TransitionBetweenViewControllers" */;
			buildPhases = (
				310FAEDE28E7437A007C5C4E /* Sources */,
				310FAEDF28E7437A007C5C4E /* Frameworks */,
				310FAEE028E7437A007C5C4E /* Resources */,
			);
			buildRules = (
			);
			dependencies = (
			);
			name = TransitionBetweenViewControllers;
			productName = TransitionBetweenViewControllers;
			productReference = 310FAEE228E7437A007C5C4E /* TransitionBetweenViewControllers.app */;
			productType = "com.apple.product-type.application";
		};
/* End PBXNativeTarget section */

/* Begin PBXProject section */
		310FAEDA28E7437A007C5C4E /* Project object */ = {
			isa = PBXProject;
			attributes = {
				BuildIndependentTargetsInParallel = 1;
				LastSwiftUpdateCheck = 1300;
				LastUpgradeCheck = 1300;
				TargetAttributes = {
					310FAEE128E7437A007C5C4E = {
						CreatedOnToolsVersion = 13.0;
					};
				};
			};
			buildConfigurationList = 310FAEDD28E7437A007C5C4E /* Build configuration list for PBXProject "TransitionBetweenViewControllers" */;
			compatibilityVersion = "Xcode 13.0";
			developmentRegion = en;
			hasScannedForEncodings = 0;
			knownRegions = (
				en,
				Base,
			);
			mainGroup = 310FAED928E7437A007C5C4E;
			productRefGroup = 310FAEE328E7437A007C5C4E /* Products */;
			projectDirPath = "";
			projectRoot = "";
			targets = (
				310FAEE128E7437A007C5C4E /* TransitionBetweenViewControllers */,
			);
		};
/* End PBXProject section */

/* Begin PBXResourcesBuildPhase section */
		310FAEE028E7437A007C5C4E /* Resources */ = {
			isa = PBXResourcesBuildPhase;
			buildActionMask = 2147483647;
			files = (
				310FAEF228E7437C007C5C4E /* LaunchScreen.storyboard in Resources */,
				310FAEEF28E7437C007C5C4E /* Assets.xcassets in Resources */,
				310FAEED28E7437A007C5C4E /* Main.storyboard in Resources */,
			);
			runOnlyForDeploymentPostprocessing = 0;
		};
/* End PBXResourcesBuildPhase section */

/* Begin PBXSourcesBuildPhase section */
		310FAEDE28E7437A007C5C4E /* Sources */ = {
			isa = PBXSourcesBuildPhase;
			buildActionMask = 2147483647;
			files = (
				310FAEEA28E7437A007C5C4E /* ViewController.swift in Sources */,
				319E334A28E981E700C1BFC3 /* YScreen.swift in Sources */,
				310FAEE628E7437A007C5C4E /* AppDelegate.swift in Sources */,
				310FAEE828E7437A007C5C4E /* SceneDelegate.swift in Sources */,
			);
			runOnlyForDeploymentPostprocessing = 0;
		};
/* End PBXSourcesBuildPhase section */

/* Begin PBXVariantGroup section */
		310FAEEB28E7437A007C5C4E /* Main.storyboard */ = {
			isa = PBXVariantGroup;
			children = (
				310FAEEC28E7437A007C5C4E /* Base */,
			);
			name = Main.storyboard;
			sourceTree = "<group>";
		};
		310FAEF028E7437C007C5C4E /* LaunchScreen.storyboard */ = {
			isa = PBXVariantGroup;
			children = (
				310FAEF128E7437C007C5C4E /* Base */,
			);
			name = LaunchScreen.storyboard;
			sourceTree = "<group>";
		};
/* End PBXVariantGroup section */

/* Begin XCBuildConfiguration section */
		310FAEF428E7437C007C5C4E /* Debug */ = {
			isa = XCBuildConfiguration;
			buildSettings = {
				ALWAYS_SEARCH_USER_PATHS = NO;
				CLANG_ANALYZER_NONNULL = YES;
				CLANG_ANALYZER_NUMBER_OBJECT_CONVERSION = YES_AGGRESSIVE;
				CLANG_CXX_LANGUAGE_STANDARD = "gnu++17";
				CLANG_CXX_LIBRARY = "libc++";
				CLANG_ENABLE_MODULES = YES;
				CLANG_ENABLE_OBJC_ARC = YES;
				CLANG_ENABLE_OBJC_WEAK = YES;
				CLANG_WARN_BLOCK_CAPTURE_AUTORELEASING = YES;
				CLANG_WARN_BOOL_CONVERSION = YES;
				CLANG_WARN_COMMA = YES;
				CLANG_WARN_CONSTANT_CONVERSION = YES;
				CLANG_WARN_DEPRECATED_OBJC_IMPLEMENTATIONS = YES;
				CLANG_WARN_DIRECT_OBJC_ISA_USAGE = YES_ERROR;
				CLANG_WARN_DOCUMENTATION_COMMENTS = YES;
				CLANG_WARN_EMPTY_BODY = YES;
				CLANG_WARN_ENUM_CONVERSION = YES;
				CLANG_WARN_INFINITE_RECURSION = YES;
				CLANG_WARN_INT_CONVERSION = YES;
				CLANG_WARN_NON_LITERAL_NULL_CONVERSION = YES;
				CLANG_WARN_OBJC_IMPLICIT_RETAIN_SELF = YES;
				CLANG_WARN_OBJC_LITERAL_CONVERSION = YES;
				CLANG_WARN_OBJC_ROOT_CLASS = YES_ERROR;
				CLANG_WARN_QUOTED_INCLUDE_IN_FRAMEWORK_HEADER = YES;
				CLANG_WARN_RANGE_LOOP_ANALYSIS = YES;
				CLANG_WARN_STRICT_PROTOTYPES = YES;
				CLANG_WARN_SUSPICIOUS_MOVE = YES;
				CLANG_WARN_UNGUARDED_AVAILABILITY = YES_AGGRESSIVE;
				CLANG_WARN_UNREACHABLE_CODE = YES;
				CLANG_WARN__DUPLICATE_METHOD_MATCH = YES;
				COPY_PHASE_STRIP = NO;
				DEBUG_INFORMATION_FORMAT = dwarf;
				ENABLE_STRICT_OBJC_MSGSEND = YES;
				ENABLE_TESTABILITY = YES;
				GCC_C_LANGUAGE_STANDARD = gnu11;
				GCC_DYNAMIC_NO_PIC = NO;
				GCC_NO_COMMON_BLOCKS = YES;
				GCC_OPTIMIZATION_LEVEL = 0;
				GCC_PREPROCESSOR_DEFINITIONS = (
					"DEBUG=1",
					"$(inherited)",
				);
				GCC_WARN_64_TO_32_BIT_CONVERSION = YES;
				GCC_WARN_ABOUT_RETURN_TYPE = YES_ERROR;
				GCC_WARN_UNDECLARED_SELECTOR = YES;
				GCC_WARN_UNINITIALIZED_AUTOS = YES_AGGRESSIVE;
				GCC_WARN_UNUSED_FUNCTION = YES;
				GCC_WARN_UNUSED_VARIABLE = YES;
				IPHONEOS_DEPLOYMENT_TARGET = 15.0;
				MTL_ENABLE_DEBUG_INFO = INCLUDE_SOURCE;
				MTL_FAST_MATH = YES;
				ONLY_ACTIVE_ARCH = YES;
				SDKROOT = iphoneos;
				SWIFT_ACTIVE_COMPILATION_CONDITIONS = DEBUG;
				SWIFT_OPTIMIZATION_LEVEL = "-Onone";
			};
			name = Debug;
		};
		310FAEF528E7437C007C5C4E /* Release */ = {
			isa = XCBuildConfiguration;
			buildSettings = {
				ALWAYS_SEARCH_USER_PATHS = NO;
				CLANG_ANALYZER_NONNULL = YES;
				CLANG_ANALYZER_NUMBER_OBJECT_CONVERSION = YES_AGGRESSIVE;
				CLANG_CXX_LANGUAGE_STANDARD = "gnu++17";
				CLANG_CXX_LIBRARY = "libc++";
				CLANG_ENABLE_MODULES = YES;
				CLANG_ENABLE_OBJC_ARC = YES;
				CLANG_ENABLE_OBJC_WEAK = YES;
				CLANG_WARN_BLOCK_CAPTURE_AUTORELEASING = YES;
				CLANG_WARN_BOOL_CONVERSION = YES;
				CLANG_WARN_COMMA = YES;
				CLANG_WARN_CONSTANT_CONVERSION = YES;
				CLANG_WARN_DEPRECATED_OBJC_IMPLEMENTATIONS = YES;
				CLANG_WARN_DIRECT_OBJC_ISA_USAGE = YES_ERROR;
				CLANG_WARN_DOCUMENTATION_COMMENTS = YES;
				CLANG_WARN_EMPTY_BODY = YES;
				CLANG_WARN_ENUM_CONVERSION = YES;
				CLANG_WARN_INFINITE_RECURSION = YES;
				CLANG_WARN_INT_CONVERSION = YES;
				CLANG_WARN_NON_LITERAL_NULL_CONVERSION = YES;
				CLANG_WARN_OBJC_IMPLICIT_RETAIN_SELF = YES;
				CLANG_WARN_OBJC_LITERAL_CONVERSION = YES;
				CLANG_WARN_OBJC_ROOT_CLASS = YES_ERROR;
				CLANG_WARN_QUOTED_INCLUDE_IN_FRAMEWORK_HEADER = YES;
				CLANG_WARN_RANGE_LOOP_ANALYSIS = YES;
				CLANG_WARN_STRICT_PROTOTYPES = YES;
				CLANG_WARN_SUSPICIOUS_MOVE = YES;
				CLANG_WARN_UNGUARDED_AVAILABILITY = YES_AGGRESSIVE;
				CLANG_WARN_UNREACHABLE_CODE = YES;
				CLANG_WARN__DUPLICATE_METHOD_MATCH = YES;
				COPY_PHASE_STRIP = NO;
				DEBUG_INFORMATION_FORMAT = "dwarf-with-dsym";
				ENABLE_NS_ASSERTIONS = NO;
				ENABLE_STRICT_OBJC_MSGSEND = YES;
				GCC_C_LANGUAGE_STANDARD = gnu11;
				GCC_NO_COMMON_BLOCKS = YES;
				GCC_WARN_64_TO_32_BIT_CONVERSION = YES;
				GCC_WARN_ABOUT_RETURN_TYPE = YES_ERROR;
				GCC_WARN_UNDECLARED_SELECTOR = YES;
				GCC_WARN_UNINITIALIZED_AUTOS = YES_AGGRESSIVE;
				GCC_WARN_UNUSED_FUNCTION = YES;
				GCC_WARN_UNUSED_VARIABLE = YES;
				IPHONEOS_DEPLOYMENT_TARGET = 15.0;
				MTL_ENABLE_DEBUG_INFO = NO;
				MTL_FAST_MATH = YES;
				SDKROOT = iphoneos;
				SWIFT_COMPILATION_MODE = wholemodule;
				SWIFT_OPTIMIZATION_LEVEL = "-O";
				VALIDATE_PRODUCT = YES;
			};
			name = Release;
		};
		310FAEF728E7437C007C5C4E /* Debug */ = {
			isa = XCBuildConfiguration;
			buildSettings = {
				ASSETCATALOG_COMPILER_APPICON_NAME = AppIcon;
				ASSETCATALOG_COMPILER_GLOBAL_ACCENT_COLOR_NAME = AccentColor;
				CODE_SIGN_STYLE = Automatic;
				CURRENT_PROJECT_VERSION = 1;
				DEVELOPMENT_TEAM = KRCW97NRKQ;
				GENERATE_INFOPLIST_FILE = YES;
				INFOPLIST_FILE = TransitionBetweenViewControllers/Info.plist;
				INFOPLIST_KEY_UIApplicationSupportsIndirectInputEvents = YES;
				INFOPLIST_KEY_UILaunchStoryboardName = LaunchScreen;
				INFOPLIST_KEY_UIMainStoryboardFile = Main;
				INFOPLIST_KEY_UISupportedInterfaceOrientations_iPad = "UIInterfaceOrientationPortrait UIInterfaceOrientationPortraitUpsideDown UIInterfaceOrientationLandscapeLeft UIInterfaceOrientationLandscapeRight";
				INFOPLIST_KEY_UISupportedInterfaceOrientations_iPhone = "UIInterfaceOrientationPortrait UIInterfaceOrientationLandscapeLeft UIInterfaceOrientationLandscapeRight";
				LD_RUNPATH_SEARCH_PATHS = (
					"$(inherited)",
					"@executable_path/Frameworks",
				);
				MARKETING_VERSION = 1.0;
				PRODUCT_BUNDLE_IDENTIFIER = com.fuldenonan.TransitionBetweenViewControllers;
				PRODUCT_NAME = "$(TARGET_NAME)";
				SWIFT_EMIT_LOC_STRINGS = YES;
				SWIFT_VERSION = 5.0;
				TARGETED_DEVICE_FAMILY = "1,2";
			};
			name = Debug;
		};
		310FAEF828E7437C007C5C4E /* Release */ = {
			isa = XCBuildConfiguration;
			buildSettings = {
				ASSETCATALOG_COMPILER_APPICON_NAME = AppIcon;
				ASSETCATALOG_COMPILER_GLOBAL_ACCENT_COLOR_NAME = AccentColor;
				CODE_SIGN_STYLE = Automatic;
				CURRENT_PROJECT_VERSION = 1;
				DEVELOPMENT_TEAM = KRCW97NRKQ;
				GENERATE_INFOPLIST_FILE = YES;
				INFOPLIST_FILE = TransitionBetweenViewControllers/Info.plist;
				INFOPLIST_KEY_UIApplicationSupportsIndirectInputEvents = YES;
				INFOPLIST_KEY_UILaunchStoryboardName = LaunchScreen;
				INFOPLIST_KEY_UIMainStoryboardFile = Main;
				INFOPLIST_KEY_UISupportedInterfaceOrientations_iPad = "UIInterfaceOrientationPortrait UIInterfaceOrientationPortraitUpsideDown UIInterfaceOrientationLandscapeLeft UIInterfaceOrientationLandscapeRight";
				INFOPLIST_KEY_UISupportedInterfaceOrientations_iPhone = "UIInterfaceOrientationPortrait UIInterfaceOrientationLandscapeLeft UIInterfaceOrientationLandscapeRight";
				LD_RUNPATH_SEARCH_PATHS = (
					"$(inherited)",
					"@executable_path/Frameworks",
				);
				MARKETING_VERSION = 1.0;
				PRODUCT_BUNDLE_IDENTIFIER = com.fuldenonan.TransitionBetweenViewControllers;
				PRODUCT_NAME = "$(TARGET_NAME)";
				SWIFT_EMIT_LOC_STRINGS = YES;
				SWIFT_VERSION = 5.0;
				TARGETED_DEVICE_FAMILY = "1,2";
			};
			name = Release;
		};
/* End XCBuildConfiguration section */

/* Begin XCConfigurationList section */
		310FAEDD28E7437A007C5C4E /* Build configuration list for PBXProject "TransitionBetweenViewControllers" */ = {
			isa = XCConfigurationList;
			buildConfigurations = (
				310FAEF428E7437C007C5C4E /* Debug */,
				310FAEF528E7437C007C5C4E /* Release */,
			);
			defaultConfigurationIsVisible = 0;
			defaultConfigurationName = Release;
		};
		310FAEF628E7437C007C5C4E /* Build configuration list for PBXNativeTarget "TransitionBetweenViewControllers" */ = {
			isa = XCConfigurationList;
			buildConfigurations = (
				310FAEF728E7437C007C5C4E /* Debug */,
				310FAEF828E7437C007C5C4E /* Release */,
			);
			defaultConfigurationIsVisible = 0;
			defaultConfigurationName = Release;
		};
/* End XCConfigurationList section */
	};
	rootObject = 310FAEDA28E7437A007C5C4E /* Project object */;
}
